// !$*UTF8*$!
{
	archiveVersion = 1;
	classes = {
	};
	objectVersion = 50;
	objects = {

/* Begin PBXBuildFile section */
		523C8052218846B3006ACF2B /* PlaceTableViewCell.swift in Sources */ = {isa = PBXBuildFile; fileRef = 523C8051218846B3006ACF2B /* PlaceTableViewCell.swift */; };
		527B83352181DC2E00D7344A /* AppDelegate.swift in Sources */ = {isa = PBXBuildFile; fileRef = 527B83342181DC2E00D7344A /* AppDelegate.swift */; };
		527B83372181DC2E00D7344A /* ViewController.swift in Sources */ = {isa = PBXBuildFile; fileRef = 527B83362181DC2E00D7344A /* ViewController.swift */; };
		527B833A2181DC2E00D7344A /* Main.storyboard in Resources */ = {isa = PBXBuildFile; fileRef = 527B83382181DC2E00D7344A /* Main.storyboard */; };
		527B833D2181DC2E00D7344A /* GeoPlanner.xcdatamodeld in Sources */ = {isa = PBXBuildFile; fileRef = 527B833B2181DC2E00D7344A /* GeoPlanner.xcdatamodeld */; };
		527B833F2181DC2F00D7344A /* Assets.xcassets in Resources */ = {isa = PBXBuildFile; fileRef = 527B833E2181DC2F00D7344A /* Assets.xcassets */; };
		527B83422181DC2F00D7344A /* LaunchScreen.storyboard in Resources */ = {isa = PBXBuildFile; fileRef = 527B83402181DC2F00D7344A /* LaunchScreen.storyboard */; };
		527B834A2181E5CA00D7344A /* AddTaskViewController.swift in Sources */ = {isa = PBXBuildFile; fileRef = 527B83492181E5CA00D7344A /* AddTaskViewController.swift */; };
		527B834C2182136E00D7344A /* PlacesOnTheMapViewController.swift in Sources */ = {isa = PBXBuildFile; fileRef = 527B834B2182136E00D7344A /* PlacesOnTheMapViewController.swift */; };
		52FB3FF62186EC820008B3EB /* Extensions.swift in Sources */ = {isa = PBXBuildFile; fileRef = 52FB3FF52186EC820008B3EB /* Extensions.swift */; };
		52FB3FF82186FBA00008B3EB /* TaskTableViewCell.swift in Sources */ = {isa = PBXBuildFile; fileRef = 52FB3FF72186FBA00008B3EB /* TaskTableViewCell.swift */; };
		52FB3FFC2187988A0008B3EB /* InfoAboutPlacesTabBarController.swift in Sources */ = {isa = PBXBuildFile; fileRef = 52FB3FFB2187988A0008B3EB /* InfoAboutPlacesTabBarController.swift */; };
		52FB3FFE218798CC0008B3EB /* ListOfPlacesViewController.swift in Sources */ = {isa = PBXBuildFile; fileRef = 52FB3FFD218798CC0008B3EB /* ListOfPlacesViewController.swift */; };
		BD78B36B577069E2692CF200 /* Pods_GeoPlanner.framework in Frameworks */ = {isa = PBXBuildFile; fileRef = 6D444AEAB592F44A4F4C6603 /* Pods_GeoPlanner.framework */; };
/* End PBXBuildFile section */

/* Begin PBXFileReference section */
		0BF9180FA8B5AE9ACEA9EBCC /* Pods-GeoPlanner.debug.xcconfig */ = {isa = PBXFileReference; includeInIndex = 1; lastKnownFileType = text.xcconfig; name = "Pods-GeoPlanner.debug.xcconfig"; path = "Pods/Target Support Files/Pods-GeoPlanner/Pods-GeoPlanner.debug.xcconfig"; sourceTree = "<group>"; };
		523C8051218846B3006ACF2B /* PlaceTableViewCell.swift */ = {isa = PBXFileReference; lastKnownFileType = sourcecode.swift; path = PlaceTableViewCell.swift; sourceTree = "<group>"; };
		527B83312181DC2E00D7344A /* GeoPlanner.app */ = {isa = PBXFileReference; explicitFileType = wrapper.application; includeInIndex = 0; path = GeoPlanner.app; sourceTree = BUILT_PRODUCTS_DIR; };
		527B83342181DC2E00D7344A /* AppDelegate.swift */ = {isa = PBXFileReference; lastKnownFileType = sourcecode.swift; path = AppDelegate.swift; sourceTree = "<group>"; };
		527B83362181DC2E00D7344A /* ViewController.swift */ = {isa = PBXFileReference; lastKnownFileType = sourcecode.swift; path = ViewController.swift; sourceTree = "<group>"; };
		527B83392181DC2E00D7344A /* Base */ = {isa = PBXFileReference; lastKnownFileType = file.storyboard; name = Base; path = Base.lproj/Main.storyboard; sourceTree = "<group>"; };
		527B833C2181DC2E00D7344A /* GeoPlanner.xcdatamodel */ = {isa = PBXFileReference; lastKnownFileType = wrapper.xcdatamodel; path = GeoPlanner.xcdatamodel; sourceTree = "<group>"; };
		527B833E2181DC2F00D7344A /* Assets.xcassets */ = {isa = PBXFileReference; lastKnownFileType = folder.assetcatalog; path = Assets.xcassets; sourceTree = "<group>"; };
		527B83412181DC2F00D7344A /* Base */ = {isa = PBXFileReference; lastKnownFileType = file.storyboard; name = Base; path = Base.lproj/LaunchScreen.storyboard; sourceTree = "<group>"; };
		527B83432181DC2F00D7344A /* Info.plist */ = {isa = PBXFileReference; lastKnownFileType = text.plist.xml; path = Info.plist; sourceTree = "<group>"; };
		527B83492181E5CA00D7344A /* AddTaskViewController.swift */ = {isa = PBXFileReference; lastKnownFileType = sourcecode.swift; path = AddTaskViewController.swift; sourceTree = "<group>"; };
		527B834B2182136E00D7344A /* PlacesOnTheMapViewController.swift */ = {isa = PBXFileReference; lastKnownFileType = sourcecode.swift; path = PlacesOnTheMapViewController.swift; sourceTree = "<group>"; };
		52FB3FF52186EC820008B3EB /* Extensions.swift */ = {isa = PBXFileReference; lastKnownFileType = sourcecode.swift; path = Extensions.swift; sourceTree = "<group>"; };
		52FB3FF72186FBA00008B3EB /* TaskTableViewCell.swift */ = {isa = PBXFileReference; lastKnownFileType = sourcecode.swift; path = TaskTableViewCell.swift; sourceTree = "<group>"; };
		52FB3FFB2187988A0008B3EB /* InfoAboutPlacesTabBarController.swift */ = {isa = PBXFileReference; lastKnownFileType = sourcecode.swift; path = InfoAboutPlacesTabBarController.swift; sourceTree = "<group>"; };
		52FB3FFD218798CC0008B3EB /* ListOfPlacesViewController.swift */ = {isa = PBXFileReference; lastKnownFileType = sourcecode.swift; path = ListOfPlacesViewController.swift; sourceTree = "<group>"; };
		6D444AEAB592F44A4F4C6603 /* Pods_GeoPlanner.framework */ = {isa = PBXFileReference; explicitFileType = wrapper.framework; includeInIndex = 0; path = Pods_GeoPlanner.framework; sourceTree = BUILT_PRODUCTS_DIR; };
		7637D92269A9696FB94B7343 /* Pods-GeoPlanner.release.xcconfig */ = {isa = PBXFileReference; includeInIndex = 1; lastKnownFileType = text.xcconfig; name = "Pods-GeoPlanner.release.xcconfig"; path = "Pods/Target Support Files/Pods-GeoPlanner/Pods-GeoPlanner.release.xcconfig"; sourceTree = "<group>"; };
/* End PBXFileReference section */

/* Begin PBXFrameworksBuildPhase section */
		527B832E2181DC2E00D7344A /* Frameworks */ = {
			isa = PBXFrameworksBuildPhase;
			buildActionMask = 2147483647;
			files = (
				BD78B36B577069E2692CF200 /* Pods_GeoPlanner.framework in Frameworks */,
			);
			runOnlyForDeploymentPostprocessing = 0;
		};
/* End PBXFrameworksBuildPhase section */

/* Begin PBXGroup section */
		520B016B219320820007C25D /* Controllers */ = {
			isa = PBXGroup;
			children = (
				52FB3FF52186EC820008B3EB /* Extensions.swift */,
				527B834B2182136E00D7344A /* PlacesOnTheMapViewController.swift */,
				52FB3FFD218798CC0008B3EB /* ListOfPlacesViewController.swift */,
				52FB3FFB2187988A0008B3EB /* InfoAboutPlacesTabBarController.swift */,
				527B83362181DC2E00D7344A /* ViewController.swift */,
				527B83492181E5CA00D7344A /* AddTaskViewController.swift */,
			);
			path = Controllers;
			sourceTree = "<group>";
		};
		520B016C219320B50007C25D /* Views */ = {
			isa = PBXGroup;
			children = (
				523C8051218846B3006ACF2B /* PlaceTableViewCell.swift */,
				52FB3FF72186FBA00008B3EB /* TaskTableViewCell.swift */,
			);
			path = Views;
			sourceTree = "<group>";
		};
		527B83282181DC2E00D7344A = {
			isa = PBXGroup;
			children = (
				527B83332181DC2E00D7344A /* GeoPlanner */,
				527B83322181DC2E00D7344A /* Products */,
				847B5CC9F58D06CECCE81163 /* Pods */,
				E2A45F91217F68928A0B95E4 /* Frameworks */,
			);
			sourceTree = "<group>";
		};
		527B83322181DC2E00D7344A /* Products */ = {
			isa = PBXGroup;
			children = (
				527B83312181DC2E00D7344A /* GeoPlanner.app */,
			);
			name = Products;
			sourceTree = "<group>";
		};
		527B83332181DC2E00D7344A /* GeoPlanner */ = {
			isa = PBXGroup;
			children = (
				527B83342181DC2E00D7344A /* AppDelegate.swift */,
				527B83382181DC2E00D7344A /* Main.storyboard */,
				527B83402181DC2F00D7344A /* LaunchScreen.storyboard */,
				527B833E2181DC2F00D7344A /* Assets.xcassets */,
				527B83432181DC2F00D7344A /* Info.plist */,
				527B833B2181DC2E00D7344A /* GeoPlanner.xcdatamodeld */,
				520B016B219320820007C25D /* Controllers */,
				520B016C219320B50007C25D /* Views */,
			);
			path = GeoPlanner;
			sourceTree = "<group>";
		};
		847B5CC9F58D06CECCE81163 /* Pods */ = {
			isa = PBXGroup;
			children = (
				0BF9180FA8B5AE9ACEA9EBCC /* Pods-GeoPlanner.debug.xcconfig */,
				7637D92269A9696FB94B7343 /* Pods-GeoPlanner.release.xcconfig */,
			);
			name = Pods;
			sourceTree = "<group>";
		};
		E2A45F91217F68928A0B95E4 /* Frameworks */ = {
			isa = PBXGroup;
			children = (
				6D444AEAB592F44A4F4C6603 /* Pods_GeoPlanner.framework */,
			);
			name = Frameworks;
			sourceTree = "<group>";
		};
/* End PBXGroup section */

/* Begin PBXNativeTarget section */
		527B83302181DC2E00D7344A /* GeoPlanner */ = {
			isa = PBXNativeTarget;
			buildConfigurationList = 527B83462181DC2F00D7344A /* Build configuration list for PBXNativeTarget "GeoPlanner" */;
			buildPhases = (
				59F247B7F3DF7530FC4957D8 /* [CP] Check Pods Manifest.lock */,
				527B832D2181DC2E00D7344A /* Sources */,
				527B832E2181DC2E00D7344A /* Frameworks */,
				527B832F2181DC2E00D7344A /* Resources */,
				44AAA3CE678829FBB3FE0C04 /* [CP] Copy Pods Resources */,
				48FDFAE3CEF5C7FDD16DDBFD /* [CP] Embed Pods Frameworks */,
			);
			buildRules = (
			);
			dependencies = (
			);
			name = GeoPlanner;
			productName = GeoPlanner;
			productReference = 527B83312181DC2E00D7344A /* GeoPlanner.app */;
			productType = "com.apple.product-type.application";
		};
/* End PBXNativeTarget section */

/* Begin PBXProject section */
		527B83292181DC2E00D7344A /* Project object */ = {
			isa = PBXProject;
			attributes = {
				LastSwiftUpdateCheck = 1000;
				LastUpgradeCheck = 1000;
				ORGANIZATIONNAME = "Polina Dulko";
				TargetAttributes = {
					527B83302181DC2E00D7344A = {
						CreatedOnToolsVersion = 10.0;
					};
				};
			};
			buildConfigurationList = 527B832C2181DC2E00D7344A /* Build configuration list for PBXProject "GeoPlanner" */;
			compatibilityVersion = "Xcode 9.3";
			developmentRegion = en;
			hasScannedForEncodings = 0;
			knownRegions = (
				en,
				Base,
			);
			mainGroup = 527B83282181DC2E00D7344A;
			productRefGroup = 527B83322181DC2E00D7344A /* Products */;
			projectDirPath = "";
			projectRoot = "";
			targets = (
				527B83302181DC2E00D7344A /* GeoPlanner */,
			);
		};
/* End PBXProject section */

/* Begin PBXResourcesBuildPhase section */
		527B832F2181DC2E00D7344A /* Resources */ = {
			isa = PBXResourcesBuildPhase;
			buildActionMask = 2147483647;
			files = (
				527B83422181DC2F00D7344A /* LaunchScreen.storyboard in Resources */,
				527B833F2181DC2F00D7344A /* Assets.xcassets in Resources */,
				527B833A2181DC2E00D7344A /* Main.storyboard in Resources */,
			);
			runOnlyForDeploymentPostprocessing = 0;
		};
/* End PBXResourcesBuildPhase section */

/* Begin PBXShellScriptBuildPhase section */
		44AAA3CE678829FBB3FE0C04 /* [CP] Copy Pods Resources */ = {
			isa = PBXShellScriptBuildPhase;
			buildActionMask = 2147483647;
			files = (
			);
			inputFileListPaths = (
			);
			inputPaths = (
				"${SRCROOT}/Pods/Target Support Files/Pods-GeoPlanner/Pods-GeoPlanner-resources.sh",
				"${PODS_ROOT}/GoogleMaps/Maps/Frameworks/GoogleMaps.framework/Resources/GoogleMaps.bundle",
				"${PODS_ROOT}/GooglePlaces/Frameworks/GooglePlaces.framework/Resources/GooglePlaces.bundle",
			);
			name = "[CP] Copy Pods Resources";
			outputFileListPaths = (
			);
			outputPaths = (
				"${TARGET_BUILD_DIR}/${UNLOCALIZED_RESOURCES_FOLDER_PATH}/GoogleMaps.bundle",
				"${TARGET_BUILD_DIR}/${UNLOCALIZED_RESOURCES_FOLDER_PATH}/GooglePlaces.bundle",
			);
			runOnlyForDeploymentPostprocessing = 0;
			shellPath = /bin/sh;
			shellScript = "\"${SRCROOT}/Pods/Target Support Files/Pods-GeoPlanner/Pods-GeoPlanner-resources.sh\"\n";
			showEnvVarsInLog = 0;
		};
		48FDFAE3CEF5C7FDD16DDBFD /* [CP] Embed Pods Frameworks */ = {
			isa = PBXShellScriptBuildPhase;
			buildActionMask = 2147483647;
			files = (
			);
			inputFileListPaths = (
			);
			inputPaths = (
				"${SRCROOT}/Pods/Target Support Files/Pods-GeoPlanner/Pods-GeoPlanner-frameworks.sh",
				"${BUILT_PRODUCTS_DIR}/Alamofire/Alamofire.framework",
			);
			name = "[CP] Embed Pods Frameworks";
			outputFileListPaths = (
			);
			outputPaths = (
				"${TARGET_BUILD_DIR}/${FRAMEWORKS_FOLDER_PATH}/Alamofire.framework",
			);
			runOnlyForDeploymentPostprocessing = 0;
			shellPath = /bin/sh;
			shellScript = "\"${SRCROOT}/Pods/Target Support Files/Pods-GeoPlanner/Pods-GeoPlanner-frameworks.sh\"\n";
			showEnvVarsInLog = 0;
		};
		59F247B7F3DF7530FC4957D8 /* [CP] Check Pods Manifest.lock */ = {
			isa = PBXShellScriptBuildPhase;
			buildActionMask = 2147483647;
			files = (
			);
			inputFileListPaths = (
			);
			inputPaths = (
				"${PODS_PODFILE_DIR_PATH}/Podfile.lock",
				"${PODS_ROOT}/Manifest.lock",
			);
			name = "[CP] Check Pods Manifest.lock";
			outputFileListPaths = (
			);
			outputPaths = (
				"$(DERIVED_FILE_DIR)/Pods-GeoPlanner-checkManifestLockResult.txt",
			);
			runOnlyForDeploymentPostprocessing = 0;
			shellPath = /bin/sh;
			shellScript = "diff \"${PODS_PODFILE_DIR_PATH}/Podfile.lock\" \"${PODS_ROOT}/Manifest.lock\" > /dev/null\nif [ $? != 0 ] ; then\n    # print error to STDERR\n    echo \"error: The sandbox is not in sync with the Podfile.lock. Run 'pod install' or update your CocoaPods installation.\" >&2\n    exit 1\nfi\n# This output is used by Xcode 'outputs' to avoid re-running this script phase.\necho \"SUCCESS\" > \"${SCRIPT_OUTPUT_FILE_0}\"\n";
			showEnvVarsInLog = 0;
		};
/* End PBXShellScriptBuildPhase section */

/* Begin PBXSourcesBuildPhase section */
		527B832D2181DC2E00D7344A /* Sources */ = {
			isa = PBXSourcesBuildPhase;
			buildActionMask = 2147483647;
			files = (
				52FB3FF82186FBA00008B3EB /* TaskTableViewCell.swift in Sources */,
				527B83372181DC2E00D7344A /* ViewController.swift in Sources */,
				52FB3FF62186EC820008B3EB /* Extensions.swift in Sources */,
				527B834A2181E5CA00D7344A /* AddTaskViewController.swift in Sources */,
				527B834C2182136E00D7344A /* PlacesOnTheMapViewController.swift in Sources */,
				52FB3FFE218798CC0008B3EB /* ListOfPlacesViewController.swift in Sources */,
				527B83352181DC2E00D7344A /* AppDelegate.swift in Sources */,
				527B833D2181DC2E00D7344A /* GeoPlanner.xcdatamodeld in Sources */,
				52FB3FFC2187988A0008B3EB /* InfoAboutPlacesTabBarController.swift in Sources */,
				523C8052218846B3006ACF2B /* PlaceTableViewCell.swift in Sources */,
			);
			runOnlyForDeploymentPostprocessing = 0;
		};
/* End PBXSourcesBuildPhase section */

/* Begin PBXVariantGroup section */
		527B83382181DC2E00D7344A /* Main.storyboard */ = {
			isa = PBXVariantGroup;
			children = (
				527B83392181DC2E00D7344A /* Base */,
			);
			name = Main.storyboard;
			sourceTree = "<group>";
		};
		527B83402181DC2F00D7344A /* LaunchScreen.storyboard */ = {
			isa = PBXVariantGroup;
			children = (
				527B83412181DC2F00D7344A /* Base */,
			);
			name = LaunchScreen.storyboard;
			sourceTree = "<group>";
		};
/* End PBXVariantGroup section */

/* Begin XCBuildConfiguration section */
		527B83442181DC2F00D7344A /* Debug */ = {
			isa = XCBuildConfiguration;
			buildSettings = {
				ALWAYS_SEARCH_USER_PATHS = NO;
				CLANG_ANALYZER_NONNULL = YES;
				CLANG_ANALYZER_NUMBER_OBJECT_CONVERSION = YES_AGGRESSIVE;
				CLANG_CXX_LANGUAGE_STANDARD = "gnu++14";
				CLANG_CXX_LIBRARY = "libc++";
				CLANG_ENABLE_MODULES = YES;
				CLANG_ENABLE_OBJC_ARC = YES;
				CLANG_ENABLE_OBJC_WEAK = YES;
				CLANG_WARN_BLOCK_CAPTURE_AUTORELEASING = YES;
				CLANG_WARN_BOOL_CONVERSION = YES;
				CLANG_WARN_COMMA = YES;
				CLANG_WARN_CONSTANT_CONVERSION = YES;
				CLANG_WARN_DEPRECATED_OBJC_IMPLEMENTATIONS = YES;
				CLANG_WARN_DIRECT_OBJC_ISA_USAGE = YES_ERROR;
				CLANG_WARN_DOCUMENTATION_COMMENTS = YES;
				CLANG_WARN_EMPTY_BODY = YES;
				CLANG_WARN_ENUM_CONVERSION = YES;
				CLANG_WARN_INFINITE_RECURSION = YES;
				CLANG_WARN_INT_CONVERSION = YES;
				CLANG_WARN_NON_LITERAL_NULL_CONVERSION = YES;
				CLANG_WARN_OBJC_IMPLICIT_RETAIN_SELF = YES;
				CLANG_WARN_OBJC_LITERAL_CONVERSION = YES;
				CLANG_WARN_OBJC_ROOT_CLASS = YES_ERROR;
				CLANG_WARN_RANGE_LOOP_ANALYSIS = YES;
				CLANG_WARN_STRICT_PROTOTYPES = YES;
				CLANG_WARN_SUSPICIOUS_MOVE = YES;
				CLANG_WARN_UNGUARDED_AVAILABILITY = YES_AGGRESSIVE;
				CLANG_WARN_UNREACHABLE_CODE = YES;
				CLANG_WARN__DUPLICATE_METHOD_MATCH = YES;
				CODE_SIGN_IDENTITY = "iPhone Developer";
				COPY_PHASE_STRIP = NO;
				DEBUG_INFORMATION_FORMAT = dwarf;
				ENABLE_STRICT_OBJC_MSGSEND = YES;
				ENABLE_TESTABILITY = YES;
				GCC_C_LANGUAGE_STANDARD = gnu11;
				GCC_DYNAMIC_NO_PIC = NO;
				GCC_NO_COMMON_BLOCKS = YES;
				GCC_OPTIMIZATION_LEVEL = 0;
				GCC_PREPROCESSOR_DEFINITIONS = (
					"DEBUG=1",
					"$(inherited)",
				);
				GCC_WARN_64_TO_32_BIT_CONVERSION = YES;
				GCC_WARN_ABOUT_RETURN_TYPE = YES_ERROR;
				GCC_WARN_UNDECLARED_SELECTOR = YES;
				GCC_WARN_UNINITIALIZED_AUTOS = YES_AGGRESSIVE;
				GCC_WARN_UNUSED_FUNCTION = YES;
				GCC_WARN_UNUSED_VARIABLE = YES;
				IPHONEOS_DEPLOYMENT_TARGET = 12.0;
				MTL_ENABLE_DEBUG_INFO = INCLUDE_SOURCE;
				MTL_FAST_MATH = YES;
				ONLY_ACTIVE_ARCH = YES;
				SDKROOT = iphoneos;
				SWIFT_ACTIVE_COMPILATION_CONDITIONS = DEBUG;
				SWIFT_OPTIMIZATION_LEVEL = "-Onone";
			};
			name = Debug;
		};
		527B83452181DC2F00D7344A /* Release */ = {
			isa = XCBuildConfiguration;
			buildSettings = {
				ALWAYS_SEARCH_USER_PATHS = NO;
				CLANG_ANALYZER_NONNULL = YES;
				CLANG_ANALYZER_NUMBER_OBJECT_CONVERSION = YES_AGGRESSIVE;
				CLANG_CXX_LANGUAGE_STANDARD = "gnu++14";
				CLANG_CXX_LIBRARY = "libc++";
				CLANG_ENABLE_MODULES = YES;
				CLANG_ENABLE_OBJC_ARC = YES;
				CLANG_ENABLE_OBJC_WEAK = YES;
				CLANG_WARN_BLOCK_CAPTURE_AUTORELEASING = YES;
				CLANG_WARN_BOOL_CONVERSION = YES;
				CLANG_WARN_COMMA = YES;
				CLANG_WARN_CONSTANT_CONVERSION = YES;
				CLANG_WARN_DEPRECATED_OBJC_IMPLEMENTATIONS = YES;
				CLANG_WARN_DIRECT_OBJC_ISA_USAGE = YES_ERROR;
				CLANG_WARN_DOCUMENTATION_COMMENTS = YES;
				CLANG_WARN_EMPTY_BODY = YES;
				CLANG_WARN_ENUM_CONVERSION = YES;
				CLANG_WARN_INFINITE_RECURSION = YES;
				CLANG_WARN_INT_CONVERSION = YES;
				CLANG_WARN_NON_LITERAL_NULL_CONVERSION = YES;
				CLANG_WARN_OBJC_IMPLICIT_RETAIN_SELF = YES;
				CLANG_WARN_OBJC_LITERAL_CONVERSION = YES;
				CLANG_WARN_OBJC_ROOT_CLASS = YES_ERROR;
				CLANG_WARN_RANGE_LOOP_ANALYSIS = YES;
				CLANG_WARN_STRICT_PROTOTYPES = YES;
				CLANG_WARN_SUSPICIOUS_MOVE = YES;
				CLANG_WARN_UNGUARDED_AVAILABILITY = YES_AGGRESSIVE;
				CLANG_WARN_UNREACHABLE_CODE = YES;
				CLANG_WARN__DUPLICATE_METHOD_MATCH = YES;
				CODE_SIGN_IDENTITY = "iPhone Developer";
				COPY_PHASE_STRIP = NO;
				DEBUG_INFORMATION_FORMAT = "dwarf-with-dsym";
				ENABLE_NS_ASSERTIONS = NO;
				ENABLE_STRICT_OBJC_MSGSEND = YES;
				GCC_C_LANGUAGE_STANDARD = gnu11;
				GCC_NO_COMMON_BLOCKS = YES;
				GCC_WARN_64_TO_32_BIT_CONVERSION = YES;
				GCC_WARN_ABOUT_RETURN_TYPE = YES_ERROR;
				GCC_WARN_UNDECLARED_SELECTOR = YES;
				GCC_WARN_UNINITIALIZED_AUTOS = YES_AGGRESSIVE;
				GCC_WARN_UNUSED_FUNCTION = YES;
				GCC_WARN_UNUSED_VARIABLE = YES;
				IPHONEOS_DEPLOYMENT_TARGET = 12.0;
				MTL_ENABLE_DEBUG_INFO = NO;
				MTL_FAST_MATH = YES;
				SDKROOT = iphoneos;
				SWIFT_COMPILATION_MODE = wholemodule;
				SWIFT_OPTIMIZATION_LEVEL = "-O";
				VALIDATE_PRODUCT = YES;
			};
			name = Release;
		};
		527B83472181DC2F00D7344A /* Debug */ = {
			isa = XCBuildConfiguration;
			baseConfigurationReference = 0BF9180FA8B5AE9ACEA9EBCC /* Pods-GeoPlanner.debug.xcconfig */;
			buildSettings = {
				ASSETCATALOG_COMPILER_APPICON_NAME = AppIcon;
				CODE_SIGN_STYLE = Automatic;
				DEVELOPMENT_TEAM = P2Y7BAN599;
				INFOPLIST_FILE = GeoPlanner/Info.plist;
				IPHONEOS_DEPLOYMENT_TARGET = 10.0;
				LD_RUNPATH_SEARCH_PATHS = (
					"$(inherited)",
					"@executable_path/Frameworks",
				);
				PRODUCT_BUNDLE_IDENTIFIER = com.GeoPlanner;
				PRODUCT_NAME = "$(TARGET_NAME)";
				SWIFT_VERSION = 4.2;
				TARGETED_DEVICE_FAMILY = "1,2";
			};
			name = Debug;
		};
		527B83482181DC2F00D7344A /* Release */ = {
			isa = XCBuildConfiguration;
			baseConfigurationReference = 7637D92269A9696FB94B7343 /* Pods-GeoPlanner.release.xcconfig */;
			buildSettings = {
				ASSETCATALOG_COMPILER_APPICON_NAME = AppIcon;
				CODE_SIGN_STYLE = Automatic;
				DEVELOPMENT_TEAM = P2Y7BAN599;
				INFOPLIST_FILE = GeoPlanner/Info.plist;
				IPHONEOS_DEPLOYMENT_TARGET = 10.0;
				LD_RUNPATH_SEARCH_PATHS = (
					"$(inherited)",
					"@executable_path/Frameworks",
				);
				PRODUCT_BUNDLE_IDENTIFIER = com.GeoPlanner;
				PRODUCT_NAME = "$(TARGET_NAME)";
				SWIFT_VERSION = 4.2;
				TARGETED_DEVICE_FAMILY = "1,2";
			};
			name = Release;
		};
/* End XCBuildConfiguration section */

/* Begin XCConfigurationList section */
		527B832C2181DC2E00D7344A /* Build configuration list for PBXProject "GeoPlanner" */ = {
			isa = XCConfigurationList;
			buildConfigurations = (
				527B83442181DC2F00D7344A /* Debug */,
				527B83452181DC2F00D7344A /* Release */,
			);
			defaultConfigurationIsVisible = 0;
			defaultConfigurationName = Release;
		};
		527B83462181DC2F00D7344A /* Build configuration list for PBXNativeTarget "GeoPlanner" */ = {
			isa = XCConfigurationList;
			buildConfigurations = (
				527B83472181DC2F00D7344A /* Debug */,
				527B83482181DC2F00D7344A /* Release */,
			);
			defaultConfigurationIsVisible = 0;
			defaultConfigurationName = Release;
		};
/* End XCConfigurationList section */

/* Begin XCVersionGroup section */
		527B833B2181DC2E00D7344A /* GeoPlanner.xcdatamodeld */ = {
			isa = XCVersionGroup;
			children = (
				527B833C2181DC2E00D7344A /* GeoPlanner.xcdatamodel */,
			);
			currentVersion = 527B833C2181DC2E00D7344A /* GeoPlanner.xcdatamodel */;
			path = GeoPlanner.xcdatamodeld;
			sourceTree = "<group>";
			versionGroupType = wrapper.xcdatamodel;
		};
/* End XCVersionGroup section */
	};
	rootObject = 527B83292181DC2E00D7344A /* Project object */;
}
